
Microsoft Visual Studio Solution File, Format Version 12.00
# Visual Studio Version 17
VisualStudioVersion = 17.9.34607.119
MinimumVisualStudioVersion = 10.0.40219.1
Project("{8BC9CEB8-8B4A-11D0-8D11-00A0C91BC942}") = "exercise 4", "exercise 4.vcxproj", "{EB869D25-4F6A-4A10-9454-C625492C7977}"
EndProject
Global
	GlobalSection(SolutionConfigurationPlatforms) = preSolution
		Debug|x64 = Debug|x64
		Debug|x86 = Debug|x86
		Release|x64 = Release|x64
		Release|x86 = Release|x86
	EndGlobalSection
	GlobalSection(ProjectConfigurationPlatforms) = postSolution
		{EB869D25-4F6A-4A10-9454-C625492C7977}.Debug|x64.ActiveCfg = Debug|x64
		{EB869D25-4F6A-4A10-9454-C625492C7977}.Debug|x64.Build.0 = Debug|x64
		{EB869D25-4F6A-4A10-9454-C625492C7977}.Debug|x86.ActiveCfg = Debug|Win32
		{EB869D25-4F6A-4A10-9454-C625492C7977}.Debug|x86.Build.0 = Debug|Win32
		{EB869D25-4F6A-4A10-9454-C625492C7977}.Release|x64.ActiveCfg = Release|x64
		{EB869D25-4F6A-4A10-9454-C625492C7977}.Release|x64.Build.0 = Release|x64
		{EB869D25-4F6A-4A10-9454-C625492C7977}.Release|x86.ActiveCfg = Release|Win32
		{EB869D25-4F6A-4A10-9454-C625492C7977}.Release|x86.Build.0 = Release|Win32
	EndGlobalSection
	GlobalSection(SolutionProperties) = preSolution
		HideSolutionNode = FALSE
	EndGlobalSection
	GlobalSection(ExtensibilityGlobals) = postSolution
		SolutionGuid = {E8BA656A-9F78-4A8B-9D3D-0A0843E173A2}
	EndGlobalSection
EndGlobal
