
Microsoft Visual Studio Solution File, Format Version 12.00
# Visual Studio Version 17
VisualStudioVersion = 17.9.34607.119
MinimumVisualStudioVersion = 10.0.40219.1
Project("{8BC9CEB8-8B4A-11D0-8D11-00A0C91BC942}") = "arith", "arith.vcxproj", "{7B40EF31-EA6D-4E1B-89E5-E81C804F1491}"
EndProject
Global
	GlobalSection(SolutionConfigurationPlatforms) = preSolution
		Debug|x64 = Debug|x64
		Debug|x86 = Debug|x86
		Release|x64 = Release|x64
		Release|x86 = Release|x86
	EndGlobalSection
	GlobalSection(ProjectConfigurationPlatforms) = postSolution
		{7B40EF31-EA6D-4E1B-89E5-E81C804F1491}.Debug|x64.ActiveCfg = Debug|x64
		{7B40EF31-EA6D-4E1B-89E5-E81C804F1491}.Debug|x64.Build.0 = Debug|x64
		{7B40EF31-EA6D-4E1B-89E5-E81C804F1491}.Debug|x86.ActiveCfg = Debug|Win32
		{7B40EF31-EA6D-4E1B-89E5-E81C804F1491}.Debug|x86.Build.0 = Debug|Win32
		{7B40EF31-EA6D-4E1B-89E5-E81C804F1491}.Release|x64.ActiveCfg = Release|x64
		{7B40EF31-EA6D-4E1B-89E5-E81C804F1491}.Release|x64.Build.0 = Release|x64
		{7B40EF31-EA6D-4E1B-89E5-E81C804F1491}.Release|x86.ActiveCfg = Release|Win32
		{7B40EF31-EA6D-4E1B-89E5-E81C804F1491}.Release|x86.Build.0 = Release|Win32
	EndGlobalSection
	GlobalSection(SolutionProperties) = preSolution
		HideSolutionNode = FALSE
	EndGlobalSection
	GlobalSection(ExtensibilityGlobals) = postSolution
		SolutionGuid = {AAB1AD26-4251-4285-9DE8-9AD1372BEEA8}
	EndGlobalSection
EndGlobal
