
Microsoft Visual Studio Solution File, Format Version 12.00
# Visual Studio Version 17
VisualStudioVersion = 17.9.34607.119
MinimumVisualStudioVersion = 10.0.40219.1
Project("{8BC9CEB8-8B4A-11D0-8D11-00A0C91BC942}") = "modulus", "modulus.vcxproj", "{13D7D536-9613-4750-9B40-CDB47CFA556B}"
EndProject
Global
	GlobalSection(SolutionConfigurationPlatforms) = preSolution
		Debug|x64 = Debug|x64
		Debug|x86 = Debug|x86
		Release|x64 = Release|x64
		Release|x86 = Release|x86
	EndGlobalSection
	GlobalSection(ProjectConfigurationPlatforms) = postSolution
		{13D7D536-9613-4750-9B40-CDB47CFA556B}.Debug|x64.ActiveCfg = Debug|x64
		{13D7D536-9613-4750-9B40-CDB47CFA556B}.Debug|x64.Build.0 = Debug|x64
		{13D7D536-9613-4750-9B40-CDB47CFA556B}.Debug|x86.ActiveCfg = Debug|Win32
		{13D7D536-9613-4750-9B40-CDB47CFA556B}.Debug|x86.Build.0 = Debug|Win32
		{13D7D536-9613-4750-9B40-CDB47CFA556B}.Release|x64.ActiveCfg = Release|x64
		{13D7D536-9613-4750-9B40-CDB47CFA556B}.Release|x64.Build.0 = Release|x64
		{13D7D536-9613-4750-9B40-CDB47CFA556B}.Release|x86.ActiveCfg = Release|Win32
		{13D7D536-9613-4750-9B40-CDB47CFA556B}.Release|x86.Build.0 = Release|Win32
	EndGlobalSection
	GlobalSection(SolutionProperties) = preSolution
		HideSolutionNode = FALSE
	EndGlobalSection
	GlobalSection(ExtensibilityGlobals) = postSolution
		SolutionGuid = {A4BC6A7C-2C6C-42F2-BDDE-F5C663981C36}
	EndGlobalSection
EndGlobal
